
Microsoft Visual Studio Solution File, Format Version 12.00
# Visual Studio Version 16
VisualStudioVersion = 16.0.31624.102
MinimumVisualStudioVersion = 10.0.40219.1
Project("{FAE04EC0-301F-11D3-BF4B-00C04F79EFBC}") = "exam2", "exam2\exam2.csproj", "{4332B087-71AC-4898-884E-7F09CF34C532}"
EndProject
Global
	GlobalSection(SolutionConfigurationPlatforms) = preSolution
		Debug|Any CPU = Debug|Any CPU
		Release|Any CPU = Release|Any CPU
	EndGlobalSection
	GlobalSection(ProjectConfigurationPlatforms) = postSolution
		{4332B087-71AC-4898-884E-7F09CF34C532}.Debug|Any CPU.ActiveCfg = Debug|Any CPU
		{4332B087-71AC-4898-884E-7F09CF34C532}.Debug|Any CPU.Build.0 = Debug|Any CPU
		{4332B087-71AC-4898-884E-7F09CF34C532}.Release|Any CPU.ActiveCfg = Release|Any CPU
		{4332B087-71AC-4898-884E-7F09CF34C532}.Release|Any CPU.Build.0 = Release|Any CPU
	EndGlobalSection
	GlobalSection(SolutionProperties) = preSolution
		HideSolutionNode = FALSE
	EndGlobalSection
	GlobalSection(ExtensibilityGlobals) = postSolution
		SolutionGuid = {35AEE4E5-7618-4576-B740-95B702321535}
	EndGlobalSection
EndGlobal
